// !$*UTF8*$!
{
	archiveVersion = 1;
	classes = {
	};
	objectVersion = 54;
	objects = {

/* Begin PBXAggregateTarget section */
		00A80854F683A51BA7DE94DC1EF5EE37 /* ZFModuleDemo_lib_aggregate */ = {
			isa = PBXAggregateTarget;
			buildConfigurationList = 5F578D979EC0B503B122280EFC31D7F2 /* Build configuration list for PBXAggregateTarget "ZFModuleDemo_lib_aggregate" */;
			buildPhases = (
				4F4503821A33B44B1C59606FA0A770EB /* ShellScript */,
			);
			dependencies = (
			);
			name = ZFModuleDemo_lib_aggregate;
			productName = ZFModuleDemo_lib_aggregate;
		};
/* End PBXAggregateTarget section */

/* Begin PBXBuildFile section */
		37493C8E14C3B1F3471432809812068A /* zfgensrc_ZFModuleDemo_lib.mm in Sources */ = {isa = PBXBuildFile; fileRef = 2EECDB826883CF20FFB85481107015DE /* zfgensrc_ZFModuleDemo_lib.mm */; };
		600D2B54466D4D559FD532064C901F92 /* Foundation.framework in Frameworks */ = {isa = PBXBuildFile; fileRef = 82163DAA49569974E11A57FD2E962266 /* Foundation.framework */; };
/* End PBXBuildFile section */

/* Begin PBXCopyFilesBuildPhase section */
		8B4749540A85FAD9312584638EC18BCC /* CopyFiles */ = {
			isa = PBXCopyFilesBuildPhase;
			buildActionMask = 2147483647;
			dstPath = "include/$(PRODUCT_NAME)";
			dstSubfolderSpec = 16;
			files = (
			);
			runOnlyForDeploymentPostprocessing = 0;
		};
/* End PBXCopyFilesBuildPhase section */

/* Begin PBXFileReference section */
		1B289E8223A74927AAB598A17B5290FA /* zfsrc */ = {isa = PBXFileReference; lastKnownFileType = folder; name = zfsrc; path = ../../../zfsrc; sourceTree = "<group>"; };
		2EECDB826883CF20FFB85481107015DE /* zfgensrc_ZFModuleDemo_lib.mm */ = {isa = PBXFileReference; fileEncoding = 4; lastKnownFileType = sourcecode.cpp.objcpp; path = zfgensrc_ZFModuleDemo_lib.mm; sourceTree = "<group>"; };
		6C736DE0A8CDA5D1DDDC8913CD844CBB /* libZFModuleDemo_lib.a */ = {isa = PBXFileReference; explicitFileType = archive.ar; includeInIndex = 0; path = libZFModuleDemo_lib.a; sourceTree = BUILT_PRODUCTS_DIR; };
		82163DAA49569974E11A57FD2E962266 /* Foundation.framework */ = {isa = PBXFileReference; lastKnownFileType = wrapper.framework; name = Foundation.framework; path = System/Library/Frameworks/Foundation.framework; sourceTree = SDKROOT; };
/* End PBXFileReference section */

/* Begin PBXFrameworksBuildPhase section */
		96A8D76CE8B93204011AD4AD7E4B8C24 /* Frameworks */ = {
			isa = PBXFrameworksBuildPhase;
			buildActionMask = 2147483647;
			files = (
				600D2B54466D4D559FD532064C901F92 /* Foundation.framework in Frameworks */,
			);
			runOnlyForDeploymentPostprocessing = 0;
		};
/* End PBXFrameworksBuildPhase section */

/* Begin PBXGroup section */
		4661A8342D3D9D8788B0E9A782BB5ADC /* ProjectFiles */ = {
			isa = PBXGroup;
			children = (
				2EECDB826883CF20FFB85481107015DE /* zfgensrc_ZFModuleDemo_lib.mm */,
			);
			path = ProjectFiles;
			sourceTree = "<group>";
		};
		4922C408D8DDF475FA9FAFFE1613F5E0 /* Frameworks */ = {
			isa = PBXGroup;
			children = (
				82163DAA49569974E11A57FD2E962266 /* Foundation.framework */,
			);
			name = Frameworks;
			sourceTree = "<group>";
		};
		7193A9CB94B626B2868372E87404653B = {
			isa = PBXGroup;
			children = (
				4922C408D8DDF475FA9FAFFE1613F5E0 /* Frameworks */,
				F19C691E88DDCB5129677D8BEE510F0A /* Products */,
				4661A8342D3D9D8788B0E9A782BB5ADC /* ProjectFiles */,
				7BFBD6AE9C548AE098DF8128AF914811 /* ZFModuleDemo_lib */,
			);
			sourceTree = "<group>";
		};
		7BFBD6AE9C548AE098DF8128AF914811 /* ZFModuleDemo_lib */ = {
			isa = PBXGroup;
			children = (
				1B289E8223A74927AAB598A17B5290FA /* zfsrc */,
			);
			name = ZFModuleDemo_lib;
			sourceTree = "<group>";
		};
		F19C691E88DDCB5129677D8BEE510F0A /* Products */ = {
			isa = PBXGroup;
			children = (
				6C736DE0A8CDA5D1DDDC8913CD844CBB /* libZFModuleDemo_lib.a */,
			);
			name = Products;
			sourceTree = "<group>";
		};
/* End PBXGroup section */

/* Begin PBXNativeTarget section */
		B18E1C8BE5F286E879296EC2A5BC0835 /* ZFModuleDemo_lib */ = {
			isa = PBXNativeTarget;
			buildConfigurationList = 09F938A402EA51280275D44B96A3840B /* Build configuration list for PBXNativeTarget "ZFModuleDemo_lib" */;
			buildPhases = (
				D7568C560869A2A78BC64AB253770511 /* ZFCompileSource */,
				17628B4F9AE13401E24541484FA124B5 /* Sources */,
				96A8D76CE8B93204011AD4AD7E4B8C24 /* Frameworks */,
				8B4749540A85FAD9312584638EC18BCC /* CopyFiles */,
				33F7EB3814FC5C0C8A8C64026528FD0B /* ZFUniqueProj */,
			);
			buildRules = (
			);
			dependencies = (
			);
			name = ZFModuleDemo_lib;
			productName = ZFModuleDemo_lib;
			productReference = 6C736DE0A8CDA5D1DDDC8913CD844CBB /* libZFModuleDemo_lib.a */;
			productType = "com.apple.product-type.library.static";
		};
/* End PBXNativeTarget section */

/* Begin PBXProject section */
		69D4670594AE6ABA7E8271880B09C1A1 /* Project object */ = {
			isa = PBXProject;
			attributes = {
				LastUpgradeCheck = 1340;
				ORGANIZATIONNAME = ZFFramework;
				TargetAttributes = {
					B18E1C8BE5F286E879296EC2A5BC0835 = {
						CreatedOnToolsVersion = 9.2;
						ProvisioningStyle = Automatic;
					};
					00A80854F683A51BA7DE94DC1EF5EE37 = {
						CreatedOnToolsVersion = 9.2;
						ProvisioningStyle = Automatic;
					};
				};
			};
			buildConfigurationList = D35338F2CB81689DEBE7EF92535DAAC2 /* Build configuration list for PBXProject "ZFModuleDemo_lib" */;
			compatibilityVersion = "Xcode 8.0";
			developmentRegion = en;
			hasScannedForEncodings = 0;
			knownRegions = (
				en,
				Base,
			);
			mainGroup = 7193A9CB94B626B2868372E87404653B;
			productRefGroup = F19C691E88DDCB5129677D8BEE510F0A /* Products */;
			projectDirPath = "";
			projectRoot = "";
			targets = (
				B18E1C8BE5F286E879296EC2A5BC0835 /* ZFModuleDemo_lib */,
				00A80854F683A51BA7DE94DC1EF5EE37 /* ZFModuleDemo_lib_aggregate */,
			);
		};
/* End PBXProject section */

/* Begin PBXShellScriptBuildPhase section */
		33F7EB3814FC5C0C8A8C64026528FD0B /* ZFUniqueProj */ = {
			isa = PBXShellScriptBuildPhase;
			buildActionMask = 2147483647;
			files = (
			);
			inputPaths = (
			);
			name = ZFUniqueProj;
			outputPaths = (
			);
			runOnlyForDeploymentPostprocessing = 0;
			shellPath = /bin/sh;
			shellScript = "sh ${SRCROOT}/../../../../../../ZFFramework/tools/spec/iOS/unique_proj.sh \"${SRCROOT}/${PROJECT_NAME}.xcodeproj\"";
		};
		4F4503821A33B44B1C59606FA0A770EB /* ShellScript */ = {
			isa = PBXShellScriptBuildPhase;
			buildActionMask = 2147483647;
			files = (
			);
			inputPaths = (
			);
			outputPaths = (
			);
			runOnlyForDeploymentPostprocessing = 0;
			shellPath = /bin/sh;
			shellScript = "ZF_ROOT_PATH=${SRCROOT}/../../../../../../ZFFramework\n\nsh $ZF_ROOT_PATH/tools/spec/iOS/aggregate.sh ${PROJECT_NAME} ${SRCROOT}/../../..\n";
		};
		D7568C560869A2A78BC64AB253770511 /* ZFCompileSource */ = {
			isa = PBXShellScriptBuildPhase;
			alwaysOutOfDate = 1;
			buildActionMask = 2147483647;
			files = (
			);
			inputPaths = (
			);
			name = ZFCompileSource;
			outputPaths = (
				"$(SRCROOT)/ProjectFiles/zfgensrc_ZFModuleDemo_lib.mm",
			);
			runOnlyForDeploymentPostprocessing = 0;
			shellPath = /bin/sh;
			shellScript = "sh ${SRCROOT}/../../../../../../ZFFramework/tools/common/unity_build.sh \"${SRCROOT}/ProjectFiles/zfgensrc_ZFModuleDemo_lib.mm\" \"${SRCROOT}/../../../zfsrc\"";
		};
/* End PBXShellScriptBuildPhase section */

/* Begin PBXSourcesBuildPhase section */
		17628B4F9AE13401E24541484FA124B5 /* Sources */ = {
			isa = PBXSourcesBuildPhase;
			buildActionMask = 2147483647;
			files = (
				37493C8E14C3B1F3471432809812068A /* zfgensrc_ZFModuleDemo_lib.mm in Sources */,
			);
			runOnlyForDeploymentPostprocessing = 0;
		};
/* End PBXSourcesBuildPhase section */

/* Begin XCBuildConfiguration section */
		00743F437A44E4F08453FF8A65A1E43A /* Debug */ = {
			isa = XCBuildConfiguration;
			buildSettings = {
				ALWAYS_SEARCH_USER_PATHS = NO;
				CLANG_CXX_LANGUAGE_STANDARD = "gnu++0x";
				CLANG_CXX_LIBRARY = "libc++";
				CLANG_ENABLE_MODULES = YES;
				CLANG_ENABLE_OBJC_ARC = YES;
				CLANG_WARN_BLOCK_CAPTURE_AUTORELEASING = YES;
				CLANG_WARN_BOOL_CONVERSION = YES;
				CLANG_WARN_COMMA = YES;
				CLANG_WARN_CONSTANT_CONVERSION = YES;
				CLANG_WARN_DEPRECATED_OBJC_IMPLEMENTATIONS = YES;
				CLANG_WARN_DIRECT_OBJC_ISA_USAGE = YES_ERROR;
				CLANG_WARN_EMPTY_BODY = YES;
				CLANG_WARN_ENUM_CONVERSION = YES;
				CLANG_WARN_INFINITE_RECURSION = YES;
				CLANG_WARN_INT_CONVERSION = YES;
				CLANG_WARN_NON_LITERAL_NULL_CONVERSION = YES;
				CLANG_WARN_OBJC_IMPLICIT_RETAIN_SELF = YES;
				CLANG_WARN_OBJC_LITERAL_CONVERSION = YES;
				CLANG_WARN_OBJC_ROOT_CLASS = YES_ERROR;
				CLANG_WARN_QUOTED_INCLUDE_IN_FRAMEWORK_HEADER = YES;
				CLANG_WARN_RANGE_LOOP_ANALYSIS = YES;
				CLANG_WARN_STRICT_PROTOTYPES = YES;
				CLANG_WARN_SUSPICIOUS_MOVE = YES;
				CLANG_WARN_UNREACHABLE_CODE = YES;
				CLANG_WARN__DUPLICATE_METHOD_MATCH = YES;
				"CODE_SIGN_IDENTITY[sdk=iphoneos*]" = "iPhone Developer";
				COPY_PHASE_STRIP = NO;
				DEBUG_INFORMATION_FORMAT = "dwarf-with-dsym";
				ENABLE_STRICT_OBJC_MSGSEND = YES;
				ENABLE_TESTABILITY = YES;
				GCC_C_LANGUAGE_STANDARD = gnu99;
				GCC_DYNAMIC_NO_PIC = NO;
				GCC_NO_COMMON_BLOCKS = YES;
				GCC_OPTIMIZATION_LEVEL = 0;
				GCC_PREPROCESSOR_DEFINITIONS = (
					"DEBUG=1",
					"$(inherited)",
				);
				GCC_WARN_64_TO_32_BIT_CONVERSION = YES;
				GCC_WARN_ABOUT_RETURN_TYPE = YES_ERROR;
				GCC_WARN_UNDECLARED_SELECTOR = YES;
				GCC_WARN_UNINITIALIZED_AUTOS = YES_AGGRESSIVE;
				GCC_WARN_UNUSED_FUNCTION = YES;
				GCC_WARN_UNUSED_VARIABLE = YES;
				IPHONEOS_DEPLOYMENT_TARGET = 10.0;
				MTL_ENABLE_DEBUG_INFO = YES;
				ONLY_ACTIVE_ARCH = YES;
				SDKROOT = iphoneos;
			};
			name = Debug;
		};
		02CCEE234E9EA5A51076F84704781924 /* Debug */ = {
			isa = XCBuildConfiguration;
			buildSettings = {
				CLANG_ENABLE_OBJC_ARC = YES;
				CODE_SIGN_STYLE = Automatic;
				DEBUG_INFORMATION_FORMAT = "dwarf-with-dsym";
				ENABLE_BITCODE = NO;
				GCC_INLINES_ARE_PRIVATE_EXTERN = YES;
				GCC_SYMBOLS_PRIVATE_EXTERN = YES;
				MACH_O_TYPE = staticlib;
				OTHER_LDFLAGS = (
					"$(inherited)",
					"-Objc",
					"-all_load",
				);
				PRODUCT_NAME = "$(TARGET_NAME)";
				SKIP_INSTALL = YES;
				USER_HEADER_SEARCH_PATHS = "$(inherited) ${SRCROOT}/../../../zfsrc ${SRCROOT}/../../../../../../ZFFramework/_release/iOS/all/include";
				WARNING_CFLAGS = "-Wpartial-availability";
			};
			name = Debug;
		};
		0472CC74B368DCB8335FA197E138715B /* Release */ = {
			isa = XCBuildConfiguration;
			buildSettings = {
				CLANG_ENABLE_OBJC_ARC = YES;
				CODE_SIGN_STYLE = Automatic;
				DEBUG_INFORMATION_FORMAT = "dwarf-with-dsym";
				ENABLE_BITCODE = NO;
				GCC_INLINES_ARE_PRIVATE_EXTERN = YES;
				GCC_SYMBOLS_PRIVATE_EXTERN = YES;
				MACH_O_TYPE = staticlib;
				OTHER_LDFLAGS = (
					"$(inherited)",
					"-Objc",
					"-all_load",
				);
				PRODUCT_NAME = "$(TARGET_NAME)";
				SKIP_INSTALL = YES;
				USER_HEADER_SEARCH_PATHS = "$(inherited) ${SRCROOT}/../../../zfsrc ${SRCROOT}/../../../../../../ZFFramework/_release/iOS/all/include";
				WARNING_CFLAGS = "-Wpartial-availability";
			};
			name = Release;
		};
		9271A2052A615FBD2668CE6DEBC1C3FC /* Debug */ = {
			isa = XCBuildConfiguration;
			buildSettings = {
				PRODUCT_NAME = "$(TARGET_NAME)";
			};
			name = Debug;
		};
		EA9ACCE390CA253364A561998F5403B1 /* Release */ = {
			isa = XCBuildConfiguration;
			buildSettings = {
				ALWAYS_SEARCH_USER_PATHS = NO;
				CLANG_CXX_LANGUAGE_STANDARD = "gnu++0x";
				CLANG_CXX_LIBRARY = "libc++";
				CLANG_ENABLE_MODULES = YES;
				CLANG_ENABLE_OBJC_ARC = YES;
				CLANG_WARN_BLOCK_CAPTURE_AUTORELEASING = YES;
				CLANG_WARN_BOOL_CONVERSION = YES;
				CLANG_WARN_COMMA = YES;
				CLANG_WARN_CONSTANT_CONVERSION = YES;
				CLANG_WARN_DEPRECATED_OBJC_IMPLEMENTATIONS = YES;
				CLANG_WARN_DIRECT_OBJC_ISA_USAGE = YES_ERROR;
				CLANG_WARN_EMPTY_BODY = YES;
				CLANG_WARN_ENUM_CONVERSION = YES;
				CLANG_WARN_INFINITE_RECURSION = YES;
				CLANG_WARN_INT_CONVERSION = YES;
				CLANG_WARN_NON_LITERAL_NULL_CONVERSION = YES;
				CLANG_WARN_OBJC_IMPLICIT_RETAIN_SELF = YES;
				CLANG_WARN_OBJC_LITERAL_CONVERSION = YES;
				CLANG_WARN_OBJC_ROOT_CLASS = YES_ERROR;
				CLANG_WARN_QUOTED_INCLUDE_IN_FRAMEWORK_HEADER = YES;
				CLANG_WARN_RANGE_LOOP_ANALYSIS = YES;
				CLANG_WARN_STRICT_PROTOTYPES = YES;
				CLANG_WARN_SUSPICIOUS_MOVE = YES;
				CLANG_WARN_UNREACHABLE_CODE = YES;
				CLANG_WARN__DUPLICATE_METHOD_MATCH = YES;
				"CODE_SIGN_IDENTITY[sdk=iphoneos*]" = "iPhone Developer";
				COPY_PHASE_STRIP = NO;
				DEBUG_INFORMATION_FORMAT = "dwarf-with-dsym";
				ENABLE_NS_ASSERTIONS = NO;
				ENABLE_STRICT_OBJC_MSGSEND = YES;
				GCC_C_LANGUAGE_STANDARD = gnu99;
				GCC_NO_COMMON_BLOCKS = YES;
				GCC_WARN_64_TO_32_BIT_CONVERSION = YES;
				GCC_WARN_ABOUT_RETURN_TYPE = YES_ERROR;
				GCC_WARN_UNDECLARED_SELECTOR = YES;
				GCC_WARN_UNINITIALIZED_AUTOS = YES_AGGRESSIVE;
				GCC_WARN_UNUSED_FUNCTION = YES;
				GCC_WARN_UNUSED_VARIABLE = YES;
				IPHONEOS_DEPLOYMENT_TARGET = 10.0;
				MTL_ENABLE_DEBUG_INFO = NO;
				SDKROOT = iphoneos;
				VALIDATE_PRODUCT = YES;
			};
			name = Release;
		};
		F1706B94A5C12F5B9C7B1C2AC70EED81 /* Release */ = {
			isa = XCBuildConfiguration;
			buildSettings = {
				PRODUCT_NAME = "$(TARGET_NAME)";
			};
			name = Release;
		};
/* End XCBuildConfiguration section */

/* Begin XCConfigurationList section */
		09F938A402EA51280275D44B96A3840B /* Build configuration list for PBXNativeTarget "ZFModuleDemo_lib" */ = {
			isa = XCConfigurationList;
			buildConfigurations = (
				02CCEE234E9EA5A51076F84704781924 /* Debug */,
				0472CC74B368DCB8335FA197E138715B /* Release */,
			);
			defaultConfigurationIsVisible = 0;
			defaultConfigurationName = Release;
		};
		5F578D979EC0B503B122280EFC31D7F2 /* Build configuration list for PBXAggregateTarget "ZFModuleDemo_lib_aggregate" */ = {
			isa = XCConfigurationList;
			buildConfigurations = (
				9271A2052A615FBD2668CE6DEBC1C3FC /* Debug */,
				F1706B94A5C12F5B9C7B1C2AC70EED81 /* Release */,
			);
			defaultConfigurationIsVisible = 0;
			defaultConfigurationName = Release;
		};
		D35338F2CB81689DEBE7EF92535DAAC2 /* Build configuration list for PBXProject "ZFModuleDemo_lib" */ = {
			isa = XCConfigurationList;
			buildConfigurations = (
				00743F437A44E4F08453FF8A65A1E43A /* Debug */,
				EA9ACCE390CA253364A561998F5403B1 /* Release */,
			);
			defaultConfigurationIsVisible = 0;
			defaultConfigurationName = Release;
		};
/* End XCConfigurationList section */
	};
	rootObject = 69D4670594AE6ABA7E8271880B09C1A1 /* Project object */;
}
